github.com/nathangreene3/math v0.0.0-20190717023356-cbea434ff04d h1:i2EDNwSeCf7HkyFUZiSIKI1HRcyFDcWPcHZStBXjE9A=
github.com/nathangreene3/math v0.0.0-20190717023356-cbea434ff04d/go.mod h1:8N/fq0L+s7P1GRo6HZgRQdrWLwtLy3FHSDjKIhFo1kE=
github.com/nathangreene3/math v0.0.0-20190825051757-401be4fbad8c h1:5/5LSxqvphY4c37K16rZaXDIuga4CxohHaU1k4bEkPo=
github.com/nathangreene3/math v0.0.0-20190825051757-401be4fbad8c/go.mod h1:8N/fq0L+s7P1GRo6HZgRQdrWLwtLy3FHSDjKIhFo1kE=
